
Microsoft Visual Studio Solution File, Format Version 12.00
# Visual Studio Version 17
VisualStudioVersion = 17.0.32014.148
MinimumVisualStudioVersion = 10.0.40219.1
Project("{9A19103F-16F7-4668-BE54-9A1E7A4F7556}") = "WadMikFlix", "WadMikFlix\WadMikFlix.csproj", "{81FF7ABA-F95F-406C-8C93-BDA5DDC80115}"
EndProject
Global
	GlobalSection(SolutionConfigurationPlatforms) = preSolution
		Debug|Any CPU = Debug|Any CPU
		Release|Any CPU = Release|Any CPU
	EndGlobalSection
	GlobalSection(ProjectConfigurationPlatforms) = postSolution
		{81FF7ABA-F95F-406C-8C93-BDA5DDC80115}.Debug|Any CPU.ActiveCfg = Debug|Any CPU
		{81FF7ABA-F95F-406C-8C93-BDA5DDC80115}.Debug|Any CPU.Build.0 = Debug|Any CPU
		{81FF7ABA-F95F-406C-8C93-BDA5DDC80115}.Release|Any CPU.ActiveCfg = Release|Any CPU
		{81FF7ABA-F95F-406C-8C93-BDA5DDC80115}.Release|Any CPU.Build.0 = Release|Any CPU
	EndGlobalSection
	GlobalSection(SolutionProperties) = preSolution
		HideSolutionNode = FALSE
	EndGlobalSection
	GlobalSection(ExtensibilityGlobals) = postSolution
		SolutionGuid = {A62CDEFA-1741-4745-A81B-9F9C39D1CD2F}
	EndGlobalSection
EndGlobal
